
Microsoft Visual Studio Solution File, Format Version 12.00
# Visual Studio Version 17
VisualStudioVersion = 17.4.33205.214
MinimumVisualStudioVersion = 10.0.40219.1
Project("{2150E333-8FDC-42A3-9474-1A3956D46DE8}") = "Services", "Services", "{52DF7351-87E3-4ACB-9903-0E4C7F31D9C6}"
EndProject
Project("{2150E333-8FDC-42A3-9474-1A3956D46DE8}") = "Catalog", "Catalog", "{DC0A7417-E099-41B5-82AE-01AF63177EBE}"
EndProject
Project("{FAE04EC0-301F-11D3-BF4B-00C04F79EFBC}") = "Catalog.API", "Services\Catalog\Catalog.API\Catalog.API.csproj", "{A344FA94-3D69-4EBC-A5F8-31D021B478BC}"
EndProject
Global
	GlobalSection(SolutionConfigurationPlatforms) = preSolution
		Debug|Any CPU = Debug|Any CPU
		Release|Any CPU = Release|Any CPU
	EndGlobalSection
	GlobalSection(ProjectConfigurationPlatforms) = postSolution
		{A344FA94-3D69-4EBC-A5F8-31D021B478BC}.Debug|Any CPU.ActiveCfg = Debug|Any CPU
		{A344FA94-3D69-4EBC-A5F8-31D021B478BC}.Debug|Any CPU.Build.0 = Debug|Any CPU
		{A344FA94-3D69-4EBC-A5F8-31D021B478BC}.Release|Any CPU.ActiveCfg = Release|Any CPU
		{A344FA94-3D69-4EBC-A5F8-31D021B478BC}.Release|Any CPU.Build.0 = Release|Any CPU
	EndGlobalSection
	GlobalSection(SolutionProperties) = preSolution
		HideSolutionNode = FALSE
	EndGlobalSection
	GlobalSection(NestedProjects) = preSolution
		{DC0A7417-E099-41B5-82AE-01AF63177EBE} = {52DF7351-87E3-4ACB-9903-0E4C7F31D9C6}
		{A344FA94-3D69-4EBC-A5F8-31D021B478BC} = {DC0A7417-E099-41B5-82AE-01AF63177EBE}
	EndGlobalSection
	GlobalSection(ExtensibilityGlobals) = postSolution
		SolutionGuid = {75590F56-C3D1-477E-9521-1139F0FF3369}
	EndGlobalSection
EndGlobal
